
Microsoft Visual Studio Solution File, Format Version 12.00
# Visual Studio 15
Project("{FAE04EC0-301F-11D3-BF4B-00C04F79EFBC}") = "UnityEngine.TestRunner", "UnityEngine.TestRunner.csproj", "{73A6842B-7E3C-C4E7-5351-454193564E54}"
EndProject
Project("{FAE04EC0-301F-11D3-BF4B-00C04F79EFBC}") = "UnityEngine.UI", "UnityEngine.UI.csproj", "{C5B84C35-B361-3AEF-DCCD-06C3EA606F6B}"
EndProject
Project("{FAE04EC0-301F-11D3-BF4B-00C04F79EFBC}") = "Unity.Timeline", "Unity.Timeline.csproj", "{29343A7F-0292-232D-52EA-DFB8A282619C}"
EndProject
Project("{FAE04EC0-301F-11D3-BF4B-00C04F79EFBC}") = "Unity.TextMeshPro", "Unity.TextMeshPro.csproj", "{05AD689D-4A15-083E-3ECF-AD26B7609BD0}"
EndProject
Project("{FAE04EC0-301F-11D3-BF4B-00C04F79EFBC}") = "Assembly-CSharp", "Assembly-CSharp.csproj", "{4EB32F8D-D6BB-ED97-0F98-2F90D48C7E58}"
EndProject
Project("{FAE04EC0-301F-11D3-BF4B-00C04F79EFBC}") = "UnityEditor.TestRunner", "UnityEditor.TestRunner.csproj", "{A560955B-01CB-0522-BEA5-1CC2B1F94A55}"
EndProject
Project("{FAE04EC0-301F-11D3-BF4B-00C04F79EFBC}") = "Unity.PlasticSCM.Editor", "Unity.PlasticSCM.Editor.csproj", "{3EA20C61-5F11-139A-BA67-5C2C15F67D0D}"
EndProject
Project("{FAE04EC0-301F-11D3-BF4B-00C04F79EFBC}") = "UnityEditor.UI", "UnityEditor.UI.csproj", "{099FE740-30A7-1878-AEFE-4E8809C47AF1}"
EndProject
Project("{FAE04EC0-301F-11D3-BF4B-00C04F79EFBC}") = "Unity.Services.Core.Editor", "Unity.Services.Core.Editor.csproj", "{5F4EDDC8-0706-DB98-9BA8-03343802F4CD}"
EndProject
Project("{FAE04EC0-301F-11D3-BF4B-00C04F79EFBC}") = "Unity.Timeline.Editor", "Unity.Timeline.Editor.csproj", "{ECAC9D4C-89B9-C49E-F057-B5B84E48927F}"
EndProject
Project("{FAE04EC0-301F-11D3-BF4B-00C04F79EFBC}") = "Unity.VisualStudio.Editor", "Unity.VisualStudio.Editor.csproj", "{262607DB-BB64-38E3-B223-94B6CD72D8E6}"
EndProject
Project("{FAE04EC0-301F-11D3-BF4B-00C04F79EFBC}") = "Unity.TextMeshPro.Editor", "Unity.TextMeshPro.Editor.csproj", "{9A10C01A-C3FB-E217-57DE-96F05D1463DF}"
EndProject
Project("{FAE04EC0-301F-11D3-BF4B-00C04F79EFBC}") = "Unity.CollabProxy.Editor", "Unity.CollabProxy.Editor.csproj", "{A6E845EF-9EA9-D3AF-66AC-A259B63E3CFB}"
EndProject
Project("{FAE04EC0-301F-11D3-BF4B-00C04F79EFBC}") = "Unity.Rider.Editor", "Unity.Rider.Editor.csproj", "{79816847-F34E-A78E-35AA-051E80BB6139}"
EndProject
Project("{FAE04EC0-301F-11D3-BF4B-00C04F79EFBC}") = "Unity.VSCode.Editor", "Unity.VSCode.Editor.csproj", "{CE0537D1-CAE7-E4C7-CDD2-CD28CAB7384A}"
EndProject
Project("{FAE04EC0-301F-11D3-BF4B-00C04F79EFBC}") = "UnityEngine.TestRunner", "UnityEngine.TestRunner.Player.csproj", "{1DCE0B1F-DE59-F6E1-E8A6-08731D43C7ED}"
EndProject
Project("{FAE04EC0-301F-11D3-BF4B-00C04F79EFBC}") = "UnityEngine.UI", "UnityEngine.UI.Player.csproj", "{9D7D57D9-0960-7A1D-D78E-BD456E71F848}"
EndProject
Project("{FAE04EC0-301F-11D3-BF4B-00C04F79EFBC}") = "Unity.Timeline", "Unity.Timeline.Player.csproj", "{6FF7D462-84FC-6ED3-F888-76C78C7AE3CC}"
EndProject
Project("{FAE04EC0-301F-11D3-BF4B-00C04F79EFBC}") = "Unity.TextMeshPro", "Unity.TextMeshPro.Player.csproj", "{C2D8ABD4-9A4E-0665-AC06-92463CB3536C}"
EndProject
Project("{FAE04EC0-301F-11D3-BF4B-00C04F79EFBC}") = "Assembly-CSharp", "Assembly-CSharp.Player.csproj", "{1DE6226F-A39E-6713-C69A-47DCAFEDC48E}"
EndProject
Global
	GlobalSection(SolutionConfigurationPlatforms) = preSolution
		Debug|Any CPU = Debug|Any CPU
		Release|Any CPU = Release|Any CPU
	EndGlobalSection
	GlobalSection(ProjectConfigurationPlatforms) = postSolution
		{73A6842B-7E3C-C4E7-5351-454193564E54}.Debug|Any CPU.ActiveCfg = Debug|Any CPU
		{73A6842B-7E3C-C4E7-5351-454193564E54}.Debug|Any CPU.Build.0 = Debug|Any CPU
		{73A6842B-7E3C-C4E7-5351-454193564E54}.Release|Any CPU.ActiveCfg = Release|Any CPU
		{73A6842B-7E3C-C4E7-5351-454193564E54}.Release|Any CPU.Build.0 = Release|Any CPU
		{C5B84C35-B361-3AEF-DCCD-06C3EA606F6B}.Debug|Any CPU.ActiveCfg = Debug|Any CPU
		{C5B84C35-B361-3AEF-DCCD-06C3EA606F6B}.Debug|Any CPU.Build.0 = Debug|Any CPU
		{C5B84C35-B361-3AEF-DCCD-06C3EA606F6B}.Release|Any CPU.ActiveCfg = Release|Any CPU
		{C5B84C35-B361-3AEF-DCCD-06C3EA606F6B}.Release|Any CPU.Build.0 = Release|Any CPU
		{29343A7F-0292-232D-52EA-DFB8A282619C}.Debug|Any CPU.ActiveCfg = Debug|Any CPU
		{29343A7F-0292-232D-52EA-DFB8A282619C}.Debug|Any CPU.Build.0 = Debug|Any CPU
		{29343A7F-0292-232D-52EA-DFB8A282619C}.Release|Any CPU.ActiveCfg = Release|Any CPU
		{29343A7F-0292-232D-52EA-DFB8A282619C}.Release|Any CPU.Build.0 = Release|Any CPU
		{05AD689D-4A15-083E-3ECF-AD26B7609BD0}.Debug|Any CPU.ActiveCfg = Debug|Any CPU
		{05AD689D-4A15-083E-3ECF-AD26B7609BD0}.Debug|Any CPU.Build.0 = Debug|Any CPU
		{05AD689D-4A15-083E-3ECF-AD26B7609BD0}.Release|Any CPU.ActiveCfg = Release|Any CPU
		{05AD689D-4A15-083E-3ECF-AD26B7609BD0}.Release|Any CPU.Build.0 = Release|Any CPU
		{4EB32F8D-D6BB-ED97-0F98-2F90D48C7E58}.Debug|Any CPU.ActiveCfg = Debug|Any CPU
		{4EB32F8D-D6BB-ED97-0F98-2F90D48C7E58}.Debug|Any CPU.Build.0 = Debug|Any CPU
		{4EB32F8D-D6BB-ED97-0F98-2F90D48C7E58}.Release|Any CPU.ActiveCfg = Release|Any CPU
		{4EB32F8D-D6BB-ED97-0F98-2F90D48C7E58}.Release|Any CPU.Build.0 = Release|Any CPU
		{A560955B-01CB-0522-BEA5-1CC2B1F94A55}.Debug|Any CPU.ActiveCfg = Debug|Any CPU
		{A560955B-01CB-0522-BEA5-1CC2B1F94A55}.Debug|Any CPU.Build.0 = Debug|Any CPU
		{A560955B-01CB-0522-BEA5-1CC2B1F94A55}.Release|Any CPU.ActiveCfg = Release|Any CPU
		{A560955B-01CB-0522-BEA5-1CC2B1F94A55}.Release|Any CPU.Build.0 = Release|Any CPU
		{3EA20C61-5F11-139A-BA67-5C2C15F67D0D}.Debug|Any CPU.ActiveCfg = Debug|Any CPU
		{3EA20C61-5F11-139A-BA67-5C2C15F67D0D}.Debug|Any CPU.Build.0 = Debug|Any CPU
		{3EA20C61-5F11-139A-BA67-5C2C15F67D0D}.Release|Any CPU.ActiveCfg = Release|Any CPU
		{3EA20C61-5F11-139A-BA67-5C2C15F67D0D}.Release|Any CPU.Build.0 = Release|Any CPU
		{099FE740-30A7-1878-AEFE-4E8809C47AF1}.Debug|Any CPU.ActiveCfg = Debug|Any CPU
		{099FE740-30A7-1878-AEFE-4E8809C47AF1}.Debug|Any CPU.Build.0 = Debug|Any CPU
		{099FE740-30A7-1878-AEFE-4E8809C47AF1}.Release|Any CPU.ActiveCfg = Release|Any CPU
		{099FE740-30A7-1878-AEFE-4E8809C47AF1}.Release|Any CPU.Build.0 = Release|Any CPU
		{5F4EDDC8-0706-DB98-9BA8-03343802F4CD}.Debug|Any CPU.ActiveCfg = Debug|Any CPU
		{5F4EDDC8-0706-DB98-9BA8-03343802F4CD}.Debug|Any CPU.Build.0 = Debug|Any CPU
		{5F4EDDC8-0706-DB98-9BA8-03343802F4CD}.Release|Any CPU.ActiveCfg = Release|Any CPU
		{5F4EDDC8-0706-DB98-9BA8-03343802F4CD}.Release|Any CPU.Build.0 = Release|Any CPU
		{ECAC9D4C-89B9-C49E-F057-B5B84E48927F}.Debug|Any CPU.ActiveCfg = Debug|Any CPU
		{ECAC9D4C-89B9-C49E-F057-B5B84E48927F}.Debug|Any CPU.Build.0 = Debug|Any CPU
		{ECAC9D4C-89B9-C49E-F057-B5B84E48927F}.Release|Any CPU.ActiveCfg = Release|Any CPU
		{ECAC9D4C-89B9-C49E-F057-B5B84E48927F}.Release|Any CPU.Build.0 = Release|Any CPU
		{262607DB-BB64-38E3-B223-94B6CD72D8E6}.Debug|Any CPU.ActiveCfg = Debug|Any CPU
		{262607DB-BB64-38E3-B223-94B6CD72D8E6}.Debug|Any CPU.Build.0 = Debug|Any CPU
		{262607DB-BB64-38E3-B223-94B6CD72D8E6}.Release|Any CPU.ActiveCfg = Release|Any CPU
		{262607DB-BB64-38E3-B223-94B6CD72D8E6}.Release|Any CPU.Build.0 = Release|Any CPU
		{9A10C01A-C3FB-E217-57DE-96F05D1463DF}.Debug|Any CPU.ActiveCfg = Debug|Any CPU
		{9A10C01A-C3FB-E217-57DE-96F05D1463DF}.Debug|Any CPU.Build.0 = Debug|Any CPU
		{9A10C01A-C3FB-E217-57DE-96F05D1463DF}.Release|Any CPU.ActiveCfg = Release|Any CPU
		{9A10C01A-C3FB-E217-57DE-96F05D1463DF}.Release|Any CPU.Build.0 = Release|Any CPU
		{A6E845EF-9EA9-D3AF-66AC-A259B63E3CFB}.Debug|Any CPU.ActiveCfg = Debug|Any CPU
		{A6E845EF-9EA9-D3AF-66AC-A259B63E3CFB}.Debug|Any CPU.Build.0 = Debug|Any CPU
		{A6E845EF-9EA9-D3AF-66AC-A259B63E3CFB}.Release|Any CPU.ActiveCfg = Release|Any CPU
		{A6E845EF-9EA9-D3AF-66AC-A259B63E3CFB}.Release|Any CPU.Build.0 = Release|Any CPU
		{79816847-F34E-A78E-35AA-051E80BB6139}.Debug|Any CPU.ActiveCfg = Debug|Any CPU
		{79816847-F34E-A78E-35AA-051E80BB6139}.Debug|Any CPU.Build.0 = Debug|Any CPU
		{79816847-F34E-A78E-35AA-051E80BB6139}.Release|Any CPU.ActiveCfg = Release|Any CPU
		{79816847-F34E-A78E-35AA-051E80BB6139}.Release|Any CPU.Build.0 = Release|Any CPU
		{CE0537D1-CAE7-E4C7-CDD2-CD28CAB7384A}.Debug|Any CPU.ActiveCfg = Debug|Any CPU
		{CE0537D1-CAE7-E4C7-CDD2-CD28CAB7384A}.Debug|Any CPU.Build.0 = Debug|Any CPU
		{CE0537D1-CAE7-E4C7-CDD2-CD28CAB7384A}.Release|Any CPU.ActiveCfg = Release|Any CPU
		{CE0537D1-CAE7-E4C7-CDD2-CD28CAB7384A}.Release|Any CPU.Build.0 = Release|Any CPU
		{1DCE0B1F-DE59-F6E1-E8A6-08731D43C7ED}.Debug|Any CPU.ActiveCfg = Debug|Any CPU
		{1DCE0B1F-DE59-F6E1-E8A6-08731D43C7ED}.Debug|Any CPU.Build.0 = Debug|Any CPU
		{1DCE0B1F-DE59-F6E1-E8A6-08731D43C7ED}.Release|Any CPU.ActiveCfg = Release|Any CPU
		{1DCE0B1F-DE59-F6E1-E8A6-08731D43C7ED}.Release|Any CPU.Build.0 = Release|Any CPU
		{9D7D57D9-0960-7A1D-D78E-BD456E71F848}.Debug|Any CPU.ActiveCfg = Debug|Any CPU
		{9D7D57D9-0960-7A1D-D78E-BD456E71F848}.Debug|Any CPU.Build.0 = Debug|Any CPU
		{9D7D57D9-0960-7A1D-D78E-BD456E71F848}.Release|Any CPU.ActiveCfg = Release|Any CPU
		{9D7D57D9-0960-7A1D-D78E-BD456E71F848}.Release|Any CPU.Build.0 = Release|Any CPU
		{6FF7D462-84FC-6ED3-F888-76C78C7AE3CC}.Debug|Any CPU.ActiveCfg = Debug|Any CPU
		{6FF7D462-84FC-6ED3-F888-76C78C7AE3CC}.Debug|Any CPU.Build.0 = Debug|Any CPU
		{6FF7D462-84FC-6ED3-F888-76C78C7AE3CC}.Release|Any CPU.ActiveCfg = Release|Any CPU
		{6FF7D462-84FC-6ED3-F888-76C78C7AE3CC}.Release|Any CPU.Build.0 = Release|Any CPU
		{C2D8ABD4-9A4E-0665-AC06-92463CB3536C}.Debug|Any CPU.ActiveCfg = Debug|Any CPU
		{C2D8ABD4-9A4E-0665-AC06-92463CB3536C}.Debug|Any CPU.Build.0 = Debug|Any CPU
		{C2D8ABD4-9A4E-0665-AC06-92463CB3536C}.Release|Any CPU.ActiveCfg = Release|Any CPU
		{C2D8ABD4-9A4E-0665-AC06-92463CB3536C}.Release|Any CPU.Build.0 = Release|Any CPU
		{1DE6226F-A39E-6713-C69A-47DCAFEDC48E}.Debug|Any CPU.ActiveCfg = Debug|Any CPU
		{1DE6226F-A39E-6713-C69A-47DCAFEDC48E}.Debug|Any CPU.Build.0 = Debug|Any CPU
		{1DE6226F-A39E-6713-C69A-47DCAFEDC48E}.Release|Any CPU.ActiveCfg = Release|Any CPU
		{1DE6226F-A39E-6713-C69A-47DCAFEDC48E}.Release|Any CPU.Build.0 = Release|Any CPU
	EndGlobalSection
	GlobalSection(SolutionProperties) = preSolution
		HideSolutionNode = FALSE
	EndGlobalSection
EndGlobal
